
Microsoft Visual Studio Solution File, Format Version 11.00
# Visual Studio 2010
Project("{FAE04EC0-301F-11D3-BF4B-00C04F79EFBC}") = "Assembly-CSharp", "Assembly-CSharp.csproj", "{10b7d2f0-9ac5-dcaf-c860-51d1b815b9f1}"
EndProject
Project("{FAE04EC0-301F-11D3-BF4B-00C04F79EFBC}") = "Mirror", "Mirror.csproj", "{45db816d-2e21-caf4-3a50-b8e436dc8d0e}"
EndProject
Project("{FAE04EC0-301F-11D3-BF4B-00C04F79EFBC}") = "Mirror.Cloud", "Mirror.Cloud.csproj", "{2891abf6-1655-e5d4-963b-036e1e976774}"
EndProject
Project("{FAE04EC0-301F-11D3-BF4B-00C04F79EFBC}") = "Mirror.Components", "Mirror.Components.csproj", "{4ca236b6-7e24-930f-9e95-02d8bf744227}"
EndProject
Project("{FAE04EC0-301F-11D3-BF4B-00C04F79EFBC}") = "Ninja.WebSockets", "Ninja.WebSockets.csproj", "{254a9fe9-231e-a306-66ee-8df0aa4e8c85}"
EndProject
Project("{FAE04EC0-301F-11D3-BF4B-00C04F79EFBC}") = "Mirror.Examples", "Mirror.Examples.csproj", "{a459807a-a5d3-5cfa-0790-02a4e2122cff}"
EndProject
Project("{FAE04EC0-301F-11D3-BF4B-00C04F79EFBC}") = "Mirror.Examples.Cloud.GUI", "Mirror.Examples.Cloud.GUI.csproj", "{d6552f53-70f2-921a-9047-2b03b2ff06a8}"
EndProject
Project("{FAE04EC0-301F-11D3-BF4B-00C04F79EFBC}") = "Mirror.Examples.Cloud.Pong", "Mirror.Examples.Cloud.Pong.csproj", "{8b9a7ed1-0963-0ac8-91fc-da5792b823ee}"
EndProject
Project("{FAE04EC0-301F-11D3-BF4B-00C04F79EFBC}") = "Mirror.Authenticators", "Mirror.Authenticators.csproj", "{05d1ba6e-3e9a-d8c8-0053-a9b604f84b98}"
EndProject
Project("{FAE04EC0-301F-11D3-BF4B-00C04F79EFBC}") = "Mirror.example.RigidbodyPhysics", "Mirror.example.RigidbodyPhysics.csproj", "{937fee72-fd2d-13dd-69a8-54a9d6a42017}"
EndProject
Project("{FAE04EC0-301F-11D3-BF4B-00C04F79EFBC}") = "Mirror.Weaver", "Mirror.Weaver.csproj", "{56c186ed-9a35-87a3-e2d4-bc8af913e3a1}"
EndProject
Project("{FAE04EC0-301F-11D3-BF4B-00C04F79EFBC}") = "Mirror.Editor", "Mirror.Editor.csproj", "{15a40afc-c5cb-cd56-74e9-6156abcb3f78}"
EndProject
Project("{FAE04EC0-301F-11D3-BF4B-00C04F79EFBC}") = "Assembly-CSharp-Editor", "Assembly-CSharp-Editor.csproj", "{b54cf4d0-770f-bc6f-3345-4ca51674c272}"
EndProject
Project("{FAE04EC0-301F-11D3-BF4B-00C04F79EFBC}") = "Mirror.CompilerSymbols", "Mirror.CompilerSymbols.csproj", "{46ab24f4-269f-ba82-862c-20e17d576a65}"
EndProject
Global
	GlobalSection(SolutionConfigurationPlatforms) = preSolution
		Debug|Any CPU = Debug|Any CPU
	EndGlobalSection
	GlobalSection(ProjectConfigurationPlatforms) = postSolution
		{10b7d2f0-9ac5-dcaf-c860-51d1b815b9f1}.Debug|Any CPU.ActiveCfg = Debug|Any CPU
		{10b7d2f0-9ac5-dcaf-c860-51d1b815b9f1}.Debug|Any CPU.Build.0 = Debug|Any CPU
		{45db816d-2e21-caf4-3a50-b8e436dc8d0e}.Debug|Any CPU.ActiveCfg = Debug|Any CPU
		{45db816d-2e21-caf4-3a50-b8e436dc8d0e}.Debug|Any CPU.Build.0 = Debug|Any CPU
		{2891abf6-1655-e5d4-963b-036e1e976774}.Debug|Any CPU.ActiveCfg = Debug|Any CPU
		{2891abf6-1655-e5d4-963b-036e1e976774}.Debug|Any CPU.Build.0 = Debug|Any CPU
		{4ca236b6-7e24-930f-9e95-02d8bf744227}.Debug|Any CPU.ActiveCfg = Debug|Any CPU
		{4ca236b6-7e24-930f-9e95-02d8bf744227}.Debug|Any CPU.Build.0 = Debug|Any CPU
		{254a9fe9-231e-a306-66ee-8df0aa4e8c85}.Debug|Any CPU.ActiveCfg = Debug|Any CPU
		{254a9fe9-231e-a306-66ee-8df0aa4e8c85}.Debug|Any CPU.Build.0 = Debug|Any CPU
		{a459807a-a5d3-5cfa-0790-02a4e2122cff}.Debug|Any CPU.ActiveCfg = Debug|Any CPU
		{a459807a-a5d3-5cfa-0790-02a4e2122cff}.Debug|Any CPU.Build.0 = Debug|Any CPU
		{d6552f53-70f2-921a-9047-2b03b2ff06a8}.Debug|Any CPU.ActiveCfg = Debug|Any CPU
		{d6552f53-70f2-921a-9047-2b03b2ff06a8}.Debug|Any CPU.Build.0 = Debug|Any CPU
		{8b9a7ed1-0963-0ac8-91fc-da5792b823ee}.Debug|Any CPU.ActiveCfg = Debug|Any CPU
		{8b9a7ed1-0963-0ac8-91fc-da5792b823ee}.Debug|Any CPU.Build.0 = Debug|Any CPU
		{05d1ba6e-3e9a-d8c8-0053-a9b604f84b98}.Debug|Any CPU.ActiveCfg = Debug|Any CPU
		{05d1ba6e-3e9a-d8c8-0053-a9b604f84b98}.Debug|Any CPU.Build.0 = Debug|Any CPU
		{937fee72-fd2d-13dd-69a8-54a9d6a42017}.Debug|Any CPU.ActiveCfg = Debug|Any CPU
		{937fee72-fd2d-13dd-69a8-54a9d6a42017}.Debug|Any CPU.Build.0 = Debug|Any CPU
		{56c186ed-9a35-87a3-e2d4-bc8af913e3a1}.Debug|Any CPU.ActiveCfg = Debug|Any CPU
		{56c186ed-9a35-87a3-e2d4-bc8af913e3a1}.Debug|Any CPU.Build.0 = Debug|Any CPU
		{15a40afc-c5cb-cd56-74e9-6156abcb3f78}.Debug|Any CPU.ActiveCfg = Debug|Any CPU
		{15a40afc-c5cb-cd56-74e9-6156abcb3f78}.Debug|Any CPU.Build.0 = Debug|Any CPU
		{b54cf4d0-770f-bc6f-3345-4ca51674c272}.Debug|Any CPU.ActiveCfg = Debug|Any CPU
		{b54cf4d0-770f-bc6f-3345-4ca51674c272}.Debug|Any CPU.Build.0 = Debug|Any CPU
		{46ab24f4-269f-ba82-862c-20e17d576a65}.Debug|Any CPU.ActiveCfg = Debug|Any CPU
		{46ab24f4-269f-ba82-862c-20e17d576a65}.Debug|Any CPU.Build.0 = Debug|Any CPU
	EndGlobalSection
	GlobalSection(SolutionProperties) = preSolution
		HideSolutionNode = FALSE
	EndGlobalSection
EndGlobal
